{
  "nodes": {
    "blueprint": {
      "inputs": {
        "nixpkgs": [
          "nixpkgs"
        ],
        "systems": "systems"
      },
      "locked": {
        "lastModified": 1753215027,
        "narHash": "sha256-JvMF7CODUM3C475oApJ8oQ0ym3tvBWkL7C5M2SDAW2g=",
        "owner": "numtide",
        "repo": "blueprint",
        "rev": "9f47c131a6bcc8796df7c76450e7883247339dc6",
        "type": "github"
      },
      "original": {
        "owner": "numtide",
        "repo": "blueprint",
        "type": "github"
      }
    },
    "nixpkgs": {
      "locked": {
        "lastModified": 1753429684,
        "narHash": "sha256-9h7+4/53cSfQ/uA3pSvCaBepmZaz/dLlLVJnbQ+SJjk=",
        "owner": "NixOS",
        "repo": "nixpkgs",
        "rev": "7fd36ee82c0275fb545775cc5e4d30542899511d",
        "type": "github"
      },
      "original": {
        "owner": "NixOS",
        "ref": "nixos-unstable",
        "repo": "nixpkgs",
        "type": "github"
      }
    },
    "root": {
      "inputs": {
        "blueprint": "blueprint",
        "nixpkgs": "nixpkgs",
        "rpi-bluez-firmware": "rpi-bluez-firmware",
        "rpi-clockworkpi-linux": "rpi-clockworkpi-linux",
        "rpi-firmware": "rpi-firmware",
        "rpi-firmware-nonfree": "rpi-firmware-nonfree"
      }
    },
    "rpi-bluez-firmware": {
      "flake": false,
      "locked": {
        "lastModified": 1741017538,
        "narHash": "sha256-t+D4VUfEIov83KV4wiKp6TqXTHXGkxg/mANi4GW7QHs=",
        "owner": "RPi-Distro",
        "repo": "bluez-firmware",
        "rev": "2bbfb8438e824f5f61dae3f6ebb367a6129a4d63",
        "type": "github"
      },
      "original": {
        "owner": "RPi-Distro",
        "repo": "bluez-firmware",
        "rev": "2bbfb8438e824f5f61dae3f6ebb367a6129a4d63",
        "type": "github"
      }
    },
    "rpi-clockworkpi-linux": {
      "flake": false,
      "locked": {
        "lastModified": 1750764574,
        "narHash": "sha256-tXM55fTxDiU2loH8Uc6S2heK0ABdYJ3Q6bHcfVL79KU=",
        "owner": "ak-rex",
        "repo": "ClockworkPi-linux",
        "rev": "59b5c72214c967316b6de5916ef2ee63a17baee1",
        "type": "github"
      },
      "original": {
        "owner": "ak-rex",
        "repo": "ClockworkPi-linux",
        "rev": "59b5c72214c967316b6de5916ef2ee63a17baee1",
        "type": "github"
      }
    },
    "rpi-firmware": {
      "flake": false,
      "locked": {
        "lastModified": 1750846869,
        "narHash": "sha256-VpjzwVzjgwBRXIfeGblnPzgjYyw7Nr1GqyjKtGnuduk=",
        "owner": "raspberrypi",
        "repo": "firmware",
        "rev": "7022a895240b2f853d9035ab61616b646caf7b3a",
        "type": "github"
      },
      "original": {
        "owner": "raspberrypi",
        "repo": "firmware",
        "rev": "7022a895240b2f853d9035ab61616b646caf7b3a",
        "type": "github"
      }
    },
    "rpi-firmware-nonfree": {
      "flake": false,
      "locked": {
        "lastModified": 1744123009,
        "narHash": "sha256-5ywIPs3lpmqVOVP3B75H577fYkkucDqB7htY2U1DW8U=",
        "owner": "RPi-Distro",
        "repo": "firmware-nonfree",
        "rev": "c9d3ae6584ab79d19a4f94ccf701e888f9f87a53",
        "type": "github"
      },
      "original": {
        "owner": "RPi-Distro",
        "repo": "firmware-nonfree",
        "rev": "c9d3ae6584ab79d19a4f94ccf701e888f9f87a53",
        "type": "github"
      }
    },
    "systems": {
      "locked": {
        "lastModified": 1681028828,
        "narHash": "sha256-Vy1rq5AaRuLzOxct8nz4T6wlgyUR7zLU309k9mBC768=",
        "owner": "nix-systems",
        "repo": "default",
        "rev": "da67096a3b9bf56a91d16901293e51ba5b49a27e",
        "type": "github"
      },
      "original": {
        "owner": "nix-systems",
        "repo": "default",
        "type": "github"
      }
    }
  },
  "root": "root",
  "version": 7
}
